
Microsoft Visual Studio Solution File, Format Version 12.00
Project("{2150E333-8FDC-42A3-9474-1A3956D46DE8}") = "src", "src", "{8121E1C1-044C-4F75-B8F3-30F6A74FFF57}"
EndProject
Project("{2150E333-8FDC-42A3-9474-1A3956D46DE8}") = "Web", "Web", "{CDF8687A-B5FA-44DB-A934-024BF3F7787E}"
EndProject
Project("{2150E333-8FDC-42A3-9474-1A3956D46DE8}") = "Portal", "Portal", "{D020CA51-A4B5-47F2-9F08-C592B4E9E4D0}"
EndProject
Project("{2150E333-8FDC-42A3-9474-1A3956D46DE8}") = "Services", "Services", "{987603EF-638A-4400-93F1-0CC8C910847D}"
EndProject
Project("{2150E333-8FDC-42A3-9474-1A3956D46DE8}") = "Core", "Core", "{BD85C9A4-3A40-4896-AFA5-686F76D9FC1F}"
EndProject
Project("{FAE04EC0-301F-11D3-BF4B-00C04F79EFBC}") = "Entity", "src\Core\Entity\Entity.csproj", "{C1636BBB-E82F-4923-B696-A9F1353022AD}"
EndProject
Project("{FAE04EC0-301F-11D3-BF4B-00C04F79EFBC}") = "Entity.Configuration", "src\Core\Entity.Configuration\Entity.Configuration.csproj", "{01CDBF6E-1AD4-4A88-BEEC-B65D693EC5D2}"
EndProject
Project("{FAE04EC0-301F-11D3-BF4B-00C04F79EFBC}") = "Migrations.MySql", "src\Core\Migrations.MySql\Migrations.MySql.csproj", "{C228536C-9D63-4FB2-B81D-8C216B678B79}"
EndProject
Project("{FAE04EC0-301F-11D3-BF4B-00C04F79EFBC}") = "Services", "src\Services\Services\Services.csproj", "{44DE04F4-B4E2-482F-A2AE-9C373495B08E}"
EndProject
Project("{2150E333-8FDC-42A3-9474-1A3956D46DE8}") = "Packages", "Packages", "{8E1C39EA-E690-4071-BA57-D91696340F9C}"
EndProject
Project("{FAE04EC0-301F-11D3-BF4B-00C04F79EFBC}") = "Api", "src\Web\Api\Api.csproj", "{F4D18DF8-CD52-49E9-9264-A2ED4FA56A7E}"
EndProject
Project("{FAE04EC0-301F-11D3-BF4B-00C04F79EFBC}") = "Packages", "src\Packages\Packages\Packages.csproj", "{C580C9C9-BB59-4A85-9E53-563E5FD9A28C}"
EndProject
Project("{FAE04EC0-301F-11D3-BF4B-00C04F79EFBC}") = "Portal", "src\Portal\Portal\Portal.csproj", "{B3727FFF-118C-42EF-9056-463ECD3DBCFA}"
EndProject
Project("{FAE04EC0-301F-11D3-BF4B-00C04F79EFBC}") = "Identity", "src\Portal\Identity\Identity.csproj", "{288885F1-BCA1-4D9E-BB2D-1C706EBF81D9}"
EndProject
Global
	GlobalSection(SolutionConfigurationPlatforms) = preSolution
		Debug|Any CPU = Debug|Any CPU
		Release|Any CPU = Release|Any CPU
	EndGlobalSection
	GlobalSection(NestedProjects) = preSolution
		{CDF8687A-B5FA-44DB-A934-024BF3F7787E} = {8121E1C1-044C-4F75-B8F3-30F6A74FFF57}
		{D020CA51-A4B5-47F2-9F08-C592B4E9E4D0} = {8121E1C1-044C-4F75-B8F3-30F6A74FFF57}
		{987603EF-638A-4400-93F1-0CC8C910847D} = {8121E1C1-044C-4F75-B8F3-30F6A74FFF57}
		{BD85C9A4-3A40-4896-AFA5-686F76D9FC1F} = {8121E1C1-044C-4F75-B8F3-30F6A74FFF57}
		{C1636BBB-E82F-4923-B696-A9F1353022AD} = {BD85C9A4-3A40-4896-AFA5-686F76D9FC1F}
		{01CDBF6E-1AD4-4A88-BEEC-B65D693EC5D2} = {BD85C9A4-3A40-4896-AFA5-686F76D9FC1F}
		{C228536C-9D63-4FB2-B81D-8C216B678B79} = {BD85C9A4-3A40-4896-AFA5-686F76D9FC1F}
		{44DE04F4-B4E2-482F-A2AE-9C373495B08E} = {987603EF-638A-4400-93F1-0CC8C910847D}
		{8E1C39EA-E690-4071-BA57-D91696340F9C} = {8121E1C1-044C-4F75-B8F3-30F6A74FFF57}
		{F4D18DF8-CD52-49E9-9264-A2ED4FA56A7E} = {CDF8687A-B5FA-44DB-A934-024BF3F7787E}
		{C580C9C9-BB59-4A85-9E53-563E5FD9A28C} = {8E1C39EA-E690-4071-BA57-D91696340F9C}
		{B3727FFF-118C-42EF-9056-463ECD3DBCFA} = {D020CA51-A4B5-47F2-9F08-C592B4E9E4D0}
		{288885F1-BCA1-4D9E-BB2D-1C706EBF81D9} = {D020CA51-A4B5-47F2-9F08-C592B4E9E4D0}
	EndGlobalSection
	GlobalSection(ProjectConfigurationPlatforms) = postSolution
		{C1636BBB-E82F-4923-B696-A9F1353022AD}.Debug|Any CPU.ActiveCfg = Debug|Any CPU
		{C1636BBB-E82F-4923-B696-A9F1353022AD}.Debug|Any CPU.Build.0 = Debug|Any CPU
		{C1636BBB-E82F-4923-B696-A9F1353022AD}.Release|Any CPU.ActiveCfg = Release|Any CPU
		{C1636BBB-E82F-4923-B696-A9F1353022AD}.Release|Any CPU.Build.0 = Release|Any CPU
		{01CDBF6E-1AD4-4A88-BEEC-B65D693EC5D2}.Debug|Any CPU.ActiveCfg = Debug|Any CPU
		{01CDBF6E-1AD4-4A88-BEEC-B65D693EC5D2}.Debug|Any CPU.Build.0 = Debug|Any CPU
		{01CDBF6E-1AD4-4A88-BEEC-B65D693EC5D2}.Release|Any CPU.ActiveCfg = Release|Any CPU
		{01CDBF6E-1AD4-4A88-BEEC-B65D693EC5D2}.Release|Any CPU.Build.0 = Release|Any CPU
		{C228536C-9D63-4FB2-B81D-8C216B678B79}.Debug|Any CPU.ActiveCfg = Debug|Any CPU
		{C228536C-9D63-4FB2-B81D-8C216B678B79}.Debug|Any CPU.Build.0 = Debug|Any CPU
		{C228536C-9D63-4FB2-B81D-8C216B678B79}.Release|Any CPU.ActiveCfg = Release|Any CPU
		{C228536C-9D63-4FB2-B81D-8C216B678B79}.Release|Any CPU.Build.0 = Release|Any CPU
		{44DE04F4-B4E2-482F-A2AE-9C373495B08E}.Debug|Any CPU.ActiveCfg = Debug|Any CPU
		{44DE04F4-B4E2-482F-A2AE-9C373495B08E}.Debug|Any CPU.Build.0 = Debug|Any CPU
		{44DE04F4-B4E2-482F-A2AE-9C373495B08E}.Release|Any CPU.ActiveCfg = Release|Any CPU
		{44DE04F4-B4E2-482F-A2AE-9C373495B08E}.Release|Any CPU.Build.0 = Release|Any CPU
		{F4D18DF8-CD52-49E9-9264-A2ED4FA56A7E}.Debug|Any CPU.ActiveCfg = Debug|Any CPU
		{F4D18DF8-CD52-49E9-9264-A2ED4FA56A7E}.Debug|Any CPU.Build.0 = Debug|Any CPU
		{F4D18DF8-CD52-49E9-9264-A2ED4FA56A7E}.Release|Any CPU.ActiveCfg = Release|Any CPU
		{F4D18DF8-CD52-49E9-9264-A2ED4FA56A7E}.Release|Any CPU.Build.0 = Release|Any CPU
		{C580C9C9-BB59-4A85-9E53-563E5FD9A28C}.Debug|Any CPU.ActiveCfg = Debug|Any CPU
		{C580C9C9-BB59-4A85-9E53-563E5FD9A28C}.Debug|Any CPU.Build.0 = Debug|Any CPU
		{C580C9C9-BB59-4A85-9E53-563E5FD9A28C}.Release|Any CPU.ActiveCfg = Release|Any CPU
		{C580C9C9-BB59-4A85-9E53-563E5FD9A28C}.Release|Any CPU.Build.0 = Release|Any CPU
		{B3727FFF-118C-42EF-9056-463ECD3DBCFA}.Debug|Any CPU.ActiveCfg = Debug|Any CPU
		{B3727FFF-118C-42EF-9056-463ECD3DBCFA}.Debug|Any CPU.Build.0 = Debug|Any CPU
		{B3727FFF-118C-42EF-9056-463ECD3DBCFA}.Release|Any CPU.ActiveCfg = Release|Any CPU
		{B3727FFF-118C-42EF-9056-463ECD3DBCFA}.Release|Any CPU.Build.0 = Release|Any CPU
		{288885F1-BCA1-4D9E-BB2D-1C706EBF81D9}.Debug|Any CPU.ActiveCfg = Debug|Any CPU
		{288885F1-BCA1-4D9E-BB2D-1C706EBF81D9}.Debug|Any CPU.Build.0 = Debug|Any CPU
		{288885F1-BCA1-4D9E-BB2D-1C706EBF81D9}.Release|Any CPU.ActiveCfg = Release|Any CPU
		{288885F1-BCA1-4D9E-BB2D-1C706EBF81D9}.Release|Any CPU.Build.0 = Release|Any CPU
	EndGlobalSection
EndGlobal
